
Microsoft Visual Studio Solution File, Format Version 12.00
# Visual Studio Version 16
VisualStudioVersion = 16.0.31729.503
MinimumVisualStudioVersion = 10.0.40219.1
Project("{FAE04EC0-301F-11D3-BF4B-00C04F79EFBC}") = "Two Pointers", "Two Pointers\Two Pointers.csproj", "{47AB04D6-02E4-4579-A574-5DE03E09258E}"
EndProject
Global
	GlobalSection(SolutionConfigurationPlatforms) = preSolution
		Debug|Any CPU = Debug|Any CPU
		Release|Any CPU = Release|Any CPU
	EndGlobalSection
	GlobalSection(ProjectConfigurationPlatforms) = postSolution
		{47AB04D6-02E4-4579-A574-5DE03E09258E}.Debug|Any CPU.ActiveCfg = Debug|Any CPU
		{47AB04D6-02E4-4579-A574-5DE03E09258E}.Debug|Any CPU.Build.0 = Debug|Any CPU
		{47AB04D6-02E4-4579-A574-5DE03E09258E}.Release|Any CPU.ActiveCfg = Release|Any CPU
		{47AB04D6-02E4-4579-A574-5DE03E09258E}.Release|Any CPU.Build.0 = Release|Any CPU
	EndGlobalSection
	GlobalSection(SolutionProperties) = preSolution
		HideSolutionNode = FALSE
	EndGlobalSection
	GlobalSection(ExtensibilityGlobals) = postSolution
		SolutionGuid = {45C30CA1-3164-43D6-8BB1-F237EBEA66DB}
	EndGlobalSection
EndGlobal
